
Microsoft Visual Studio Solution File, Format Version 12.00
# Visual Studio Version 17
VisualStudioVersion = 17.9.34607.119
MinimumVisualStudioVersion = 10.0.40219.1
Project("{FAE04EC0-301F-11D3-BF4B-00C04F79EFBC}") = "Cartridges", "Cartridges\Cartridges.csproj", "{DEE5331B-2BCD-43E0-812A-3611070B3096}"
EndProject
Global
	GlobalSection(SolutionConfigurationPlatforms) = preSolution
		Debug|Any CPU = Debug|Any CPU
		Release|Any CPU = Release|Any CPU
	EndGlobalSection
	GlobalSection(ProjectConfigurationPlatforms) = postSolution
		{DEE5331B-2BCD-43E0-812A-3611070B3096}.Debug|Any CPU.ActiveCfg = Debug|Any CPU
		{DEE5331B-2BCD-43E0-812A-3611070B3096}.Debug|Any CPU.Build.0 = Debug|Any CPU
		{DEE5331B-2BCD-43E0-812A-3611070B3096}.Release|Any CPU.ActiveCfg = Release|Any CPU
		{DEE5331B-2BCD-43E0-812A-3611070B3096}.Release|Any CPU.Build.0 = Release|Any CPU
	EndGlobalSection
	GlobalSection(SolutionProperties) = preSolution
		HideSolutionNode = FALSE
	EndGlobalSection
	GlobalSection(ExtensibilityGlobals) = postSolution
		SolutionGuid = {CDA039C3-D056-4292-B88B-7BE4CD1DD01E}
	EndGlobalSection
EndGlobal
